
Microsoft Visual Studio Solution File, Format Version 12.00
# Visual Studio Version 17
VisualStudioVersion = 17.6.33723.286
MinimumVisualStudioVersion = 10.0.40219.1
Project("{FAE04EC0-301F-11D3-BF4B-00C04F79EFBC}") = "RestApi2", "RestApi2\RestApi2.csproj", "{46C02DF8-D7BD-4E95-8C53-9E29027D5F20}"
EndProject
Global
	GlobalSection(SolutionConfigurationPlatforms) = preSolution
		Debug|Any CPU = Debug|Any CPU
		Release|Any CPU = Release|Any CPU
	EndGlobalSection
	GlobalSection(ProjectConfigurationPlatforms) = postSolution
		{46C02DF8-D7BD-4E95-8C53-9E29027D5F20}.Debug|Any CPU.ActiveCfg = Debug|Any CPU
		{46C02DF8-D7BD-4E95-8C53-9E29027D5F20}.Debug|Any CPU.Build.0 = Debug|Any CPU
		{46C02DF8-D7BD-4E95-8C53-9E29027D5F20}.Release|Any CPU.ActiveCfg = Release|Any CPU
		{46C02DF8-D7BD-4E95-8C53-9E29027D5F20}.Release|Any CPU.Build.0 = Release|Any CPU
	EndGlobalSection
	GlobalSection(SolutionProperties) = preSolution
		HideSolutionNode = FALSE
	EndGlobalSection
	GlobalSection(ExtensibilityGlobals) = postSolution
		SolutionGuid = {F7B3947A-3BC3-4D62-B700-AAC47F5A6415}
	EndGlobalSection
EndGlobal
